
Microsoft Visual Studio Solution File, Format Version 12.00
# Visual Studio Version 16
VisualStudioVersion = 16.0.31129.286
MinimumVisualStudioVersion = 10.0.40219.1
Project("{FAE04EC0-301F-11D3-BF4B-00C04F79EFBC}") = "BlazorExample", "BlazorExample\BlazorExample.csproj", "{E81832AE-49DB-4E0F-9671-C8A0542FC97E}"
EndProject
Global
	GlobalSection(SolutionConfigurationPlatforms) = preSolution
		Debug|Any CPU = Debug|Any CPU
		Release|Any CPU = Release|Any CPU
	EndGlobalSection
	GlobalSection(ProjectConfigurationPlatforms) = postSolution
		{E81832AE-49DB-4E0F-9671-C8A0542FC97E}.Debug|Any CPU.ActiveCfg = Debug|Any CPU
		{E81832AE-49DB-4E0F-9671-C8A0542FC97E}.Debug|Any CPU.Build.0 = Debug|Any CPU
		{E81832AE-49DB-4E0F-9671-C8A0542FC97E}.Release|Any CPU.ActiveCfg = Release|Any CPU
		{E81832AE-49DB-4E0F-9671-C8A0542FC97E}.Release|Any CPU.Build.0 = Release|Any CPU
	EndGlobalSection
	GlobalSection(SolutionProperties) = preSolution
		HideSolutionNode = FALSE
	EndGlobalSection
	GlobalSection(ExtensibilityGlobals) = postSolution
		SolutionGuid = {F1D834C8-4A14-425D-AC5C-F9988A0E5429}
	EndGlobalSection
EndGlobal
